<?xml version="1.0" encoding="utf-8"?>
<Project ToolsVersion="4.0" xmlns="http://schemas.microsoft.com/developer/msbuild/2003">
  <ItemGroup>
    <Filter Include="Source Files">
      <UniqueIdentifier>{4FC737F1-C7A5-4376-A066-2A32D752A2FF}</UniqueIdentifier>
      <Extensions>cpp;c;cc;cxx;def;odl;idl;hpj;bat;asm;asmx</Extensions>
    </Filter>
    <Filter Include="Header Files">
      <UniqueIdentifier>{93995380-89BD-4b04-88EB-625FBE52EBFB}</UniqueIdentifier>
      <Extensions>h;hh;hpp;hxx;hm;inl;inc;ipp;xsd</Extensions>
    </Filter>
    <Filter Include="Resource Files">
      <UniqueIdentifier>{67DA6AB6-F800-4c08-8B7A-83BB121AAD01}</UniqueIdentifier>
      <Extensions>rc;ico;cur;bmp;dlg;rc2;rct;bin;rgs;gif;jpg;jpeg;jpe;resx;tiff;tif;png;wav;mfcribbon-ms</Extensions>
    </Filter>
    <Filter Include="Header Files\Shapes">
      <UniqueIdentifier>{a7422f90-e70c-4e5a-9d79-fa39eed83922}</UniqueIdentifier>
    </Filter>
    <Filter Include="Source Files\Shapes">
      <UniqueIdentifier>{4e334b77-7ab6-49a4-8a25-2bbce669604a}</UniqueIdentifier>
    </Filter>
    <Filter Include="Header Files\Shapes\Transparent">
      <UniqueIdentifier>{f9390a19-a664-4ce6-ae26-99808b922b5e}</UniqueIdentifier>
    </Filter>
    <Filter Include="Header Files\Shapes\Base">
      <UniqueIdentifier>{c60d983e-9982-4131-9932-4d144098867f}</UniqueIdentifier>
    </Filter>
    <Filter Include="Header Files\Shapes\Filled">
      <UniqueIdentifier>{9673c9f1-a87f-4b77-b29d-e56c3d0f91ad}</UniqueIdentifier>
    </Filter>
    <Filter Include="Source Files\Shapes\Base">
      <UniqueIdentifier>{185aae2d-fd3a-4c4b-acd1-ac2d471c3076}</UniqueIdentifier>
    </Filter>
    <Filter Include="Source Files\Shapes\Filled">
      <UniqueIdentifier>{f7c2ac5f-4a7f-43d8-95ba-8f004560302f}</UniqueIdentifier>
    </Filter>
    <Filter Include="Source Files\Shapes\Transparent">
      <UniqueIdentifier>{741a7ba8-6c3b-4765-9f1c-48dfbe11cd04}</UniqueIdentifier>
    </Filter>
  </ItemGroup>
  <ItemGroup>
    <ClInclude Include="testSerialization.h">
      <Filter>Header Files</Filter>
    </ClInclude>
    <ClInclude Include="testSerializationDlg.h">
      <Filter>Header Files</Filter>
    </ClInclude>
    <ClInclude Include="framework.h">
      <Filter>Header Files</Filter>
    </ClInclude>
    <ClInclude Include="targetver.h">
      <Filter>Header Files</Filter>
    </ClInclude>
    <ClInclude Include="Resource.h">
      <Filter>Header Files</Filter>
    </ClInclude>
    <ClInclude Include="pch.h">
      <Filter>Header Files</Filter>
    </ClInclude>
    <ClInclude Include="Figures.h">
      <Filter>Header Files\Shapes\Base</Filter>
    </ClInclude>
    <ClInclude Include="Ellipse.h">
      <Filter>Header Files\Shapes\Filled</Filter>
    </ClInclude>
    <ClInclude Include="Polygon.h">
      <Filter>Header Files\Shapes\Filled</Filter>
    </ClInclude>
    <ClInclude Include="Rectangle.h">
      <Filter>Header Files\Shapes\Filled</Filter>
    </ClInclude>
    <ClInclude Include="L_Line.h">
      <Filter>Header Files\Shapes\Transparent</Filter>
    </ClInclude>
    <ClInclude Include="L_Pentagon.h">
      <Filter>Header Files\Shapes\Transparent</Filter>
    </ClInclude>
    <ClInclude Include="L_Rombus.h">
      <Filter>Header Files\Shapes\Transparent</Filter>
    </ClInclude>
    <ClInclude Include="L_Star.h">
      <Filter>Header Files\Shapes\Transparent</Filter>
    </ClInclude>
    <ClInclude Include="L_TransparentRect.h">
      <Filter>Header Files\Shapes\Transparent</Filter>
    </ClInclude>
    <ClInclude Include="L_Triangular.h">
      <Filter>Header Files\Shapes\Transparent</Filter>
    </ClInclude>
    <ClInclude Include="Trianguler.h">
      <Filter>Header Files\Shapes\Filled</Filter>
    </ClInclude>
    <ClInclude Include="Pentagon.h">
      <Filter>Header Files\Shapes\Filled</Filter>
    </ClInclude>
  </ItemGroup>
  <ItemGroup>
    <ClCompile Include="testSerialization.cpp">
      <Filter>Source Files</Filter>
    </ClCompile>
    <ClCompile Include="testSerializationDlg.cpp">
      <Filter>Source Files</Filter>
    </ClCompile>
    <ClCompile Include="pch.cpp">
      <Filter>Source Files</Filter>
    </ClCompile>
    <ClCompile Include="Figures.cpp">
      <Filter>Source Files\Shapes\Base</Filter>
    </ClCompile>
    <ClCompile Include="L_Triangular.cpp">
      <Filter>Source Files\Shapes\Transparent</Filter>
    </ClCompile>
    <ClCompile Include="L_TransparentRect.cpp">
      <Filter>Source Files\Shapes\Transparent</Filter>
    </ClCompile>
    <ClCompile Include="L_Star.cpp">
      <Filter>Source Files\Shapes\Transparent</Filter>
    </ClCompile>
    <ClCompile Include="L_Rombus.cpp">
      <Filter>Source Files\Shapes\Transparent</Filter>
    </ClCompile>
    <ClCompile Include="L_Pentagon.cpp">
      <Filter>Source Files\Shapes\Transparent</Filter>
    </ClCompile>
    <ClCompile Include="L_Line.cpp">
      <Filter>Source Files\Shapes\Transparent</Filter>
    </ClCompile>
    <ClCompile Include="Ellipse.cpp">
      <Filter>Source Files\Shapes\Filled</Filter>
    </ClCompile>
    <ClCompile Include="Polygon.cpp">
      <Filter>Source Files\Shapes\Filled</Filter>
    </ClCompile>
    <ClCompile Include="Rectangle.cpp">
      <Filter>Source Files\Shapes\Filled</Filter>
    </ClCompile>
    <ClCompile Include="Trianguler.cpp">
      <Filter>Source Files\Shapes\Filled</Filter>
    </ClCompile>
    <ClCompile Include="Pentagon.cpp">
      <Filter>Source Files\Shapes\Filled</Filter>
    </ClCompile>
  </ItemGroup>
  <ItemGroup>
    <ResourceCompile Include="testSerialization.rc">
      <Filter>Resource Files</Filter>
    </ResourceCompile>
  </ItemGroup>
  <ItemGroup>
    <None Include="res\testSerialization.rc2">
      <Filter>Resource Files</Filter>
    </None>
    <None Include="..\..\Handwriting.cur">
      <Filter>Resource Files</Filter>
    </None>
    <None Include="ClassDiagram.cd" />
  </ItemGroup>
  <ItemGroup>
    <Image Include="res\testSerialization.ico">
      <Filter>Resource Files</Filter>
    </Image>
  </ItemGroup>
</Project>